// !$*UTF8*$!
{
	archiveVersion = 1;
	classes = {
	};
	objectVersion = 56;
	objects = {

/* Begin PBXBuildFile section */
		04CC212C2A215D4C0087C61E /* AppDelegate.swift in Sources */ = {isa = PBXBuildFile; fileRef = 04CC212B2A215D4C0087C61E /* AppDelegate.swift */; };
		04CC212E2A215D4C0087C61E /* SceneDelegate.swift in Sources */ = {isa = PBXBuildFile; fileRef = 04CC212D2A215D4C0087C61E /* SceneDelegate.swift */; };
		04CC21332A215D4C0087C61E /* Main.storyboard in Resources */ = {isa = PBXBuildFile; fileRef = 04CC21312A215D4C0087C61E /* Main.storyboard */; };
		04CC21352A215D500087C61E /* Assets.xcassets in Resources */ = {isa = PBXBuildFile; fileRef = 04CC21342A215D500087C61E /* Assets.xcassets */; };
		04CC21382A215D500087C61E /* LaunchScreen.storyboard in Resources */ = {isa = PBXBuildFile; fileRef = 04CC21362A215D500087C61E /* LaunchScreen.storyboard */; };
		04CC21442A21701E0087C61E /* ContactListViewController.swift in Sources */ = {isa = PBXBuildFile; fileRef = 04CC21432A21701D0087C61E /* ContactListViewController.swift */; };
		04CC21462A2170A30087C61E /* ExtendContactListViewController.swift in Sources */ = {isa = PBXBuildFile; fileRef = 04CC21452A2170A30087C61E /* ExtendContactListViewController.swift */; };
		04CC214A2A2173C60087C61E /* ContactsInfoViewController.swift in Sources */ = {isa = PBXBuildFile; fileRef = 04CC21492A2173C60087C61E /* ContactsInfoViewController.swift */; };
		04CC214C2A22330E0087C61E /* contactsListBase.swift in Sources */ = {isa = PBXBuildFile; fileRef = 04CC214B2A22330E0087C61E /* contactsListBase.swift */; };
		04CC214E2A22A7080087C61E /* Person.swift in Sources */ = {isa = PBXBuildFile; fileRef = 04CC214D2A22A7080087C61E /* Person.swift */; };
/* End PBXBuildFile section */

/* Begin PBXFileReference section */
		04CC21282A215D4C0087C61E /* ContactListApp.app */ = {isa = PBXFileReference; explicitFileType = wrapper.application; includeInIndex = 0; path = ContactListApp.app; sourceTree = BUILT_PRODUCTS_DIR; };
		04CC212B2A215D4C0087C61E /* AppDelegate.swift */ = {isa = PBXFileReference; lastKnownFileType = sourcecode.swift; path = AppDelegate.swift; sourceTree = "<group>"; };
		04CC212D2A215D4C0087C61E /* SceneDelegate.swift */ = {isa = PBXFileReference; lastKnownFileType = sourcecode.swift; path = SceneDelegate.swift; sourceTree = "<group>"; };
		04CC21322A215D4C0087C61E /* Base */ = {isa = PBXFileReference; lastKnownFileType = file.storyboard; name = Base; path = Base.lproj/Main.storyboard; sourceTree = "<group>"; };
		04CC21342A215D500087C61E /* Assets.xcassets */ = {isa = PBXFileReference; lastKnownFileType = folder.assetcatalog; path = Assets.xcassets; sourceTree = "<group>"; };
		04CC21372A215D500087C61E /* Base */ = {isa = PBXFileReference; lastKnownFileType = file.storyboard; name = Base; path = Base.lproj/LaunchScreen.storyboard; sourceTree = "<group>"; };
		04CC21392A215D500087C61E /* Info.plist */ = {isa = PBXFileReference; lastKnownFileType = text.plist.xml; path = Info.plist; sourceTree = "<group>"; };
		04CC21432A21701D0087C61E /* ContactListViewController.swift */ = {isa = PBXFileReference; lastKnownFileType = sourcecode.swift; path = ContactListViewController.swift; sourceTree = "<group>"; };
		04CC21452A2170A30087C61E /* ExtendContactListViewController.swift */ = {isa = PBXFileReference; lastKnownFileType = sourcecode.swift; path = ExtendContactListViewController.swift; sourceTree = "<group>"; };
		04CC21492A2173C60087C61E /* ContactsInfoViewController.swift */ = {isa = PBXFileReference; lastKnownFileType = sourcecode.swift; path = ContactsInfoViewController.swift; sourceTree = "<group>"; };
		04CC214B2A22330E0087C61E /* contactsListBase.swift */ = {isa = PBXFileReference; lastKnownFileType = sourcecode.swift; path = contactsListBase.swift; sourceTree = "<group>"; };
		04CC214D2A22A7080087C61E /* Person.swift */ = {isa = PBXFileReference; lastKnownFileType = sourcecode.swift; path = Person.swift; sourceTree = "<group>"; };
/* End PBXFileReference section */

/* Begin PBXFrameworksBuildPhase section */
		04CC21252A215D4C0087C61E /* Frameworks */ = {
			isa = PBXFrameworksBuildPhase;
			buildActionMask = 2147483647;
			files = (
			);
			runOnlyForDeploymentPostprocessing = 0;
		};
/* End PBXFrameworksBuildPhase section */

/* Begin PBXGroup section */
		04CC211F2A215D4C0087C61E = {
			isa = PBXGroup;
			children = (
				04CC212A2A215D4C0087C61E /* ContactListApp */,
				04CC21292A215D4C0087C61E /* Products */,
			);
			sourceTree = "<group>";
		};
		04CC21292A215D4C0087C61E /* Products */ = {
			isa = PBXGroup;
			children = (
				04CC21282A215D4C0087C61E /* ContactListApp.app */,
			);
			name = Products;
			sourceTree = "<group>";
		};
		04CC212A2A215D4C0087C61E /* ContactListApp */ = {
			isa = PBXGroup;
			children = (
				04CC213F2A2169070087C61E /* App */,
				04CC21422A2169D80087C61E /* ViewControllers */,
				04CC21402A21698A0087C61E /* StoryBoards */,
				04CC21412A2169C60087C61E /* Model */,
			);
			path = ContactListApp;
			sourceTree = "<group>";
		};
		04CC213F2A2169070087C61E /* App */ = {
			isa = PBXGroup;
			children = (
				04CC212B2A215D4C0087C61E /* AppDelegate.swift */,
				04CC212D2A215D4C0087C61E /* SceneDelegate.swift */,
				04CC21392A215D500087C61E /* Info.plist */,
				04CC21342A215D500087C61E /* Assets.xcassets */,
			);
			path = App;
			sourceTree = "<group>";
		};
		04CC21402A21698A0087C61E /* StoryBoards */ = {
			isa = PBXGroup;
			children = (
				04CC21312A215D4C0087C61E /* Main.storyboard */,
				04CC21362A215D500087C61E /* LaunchScreen.storyboard */,
			);
			path = StoryBoards;
			sourceTree = "<group>";
		};
		04CC21412A2169C60087C61E /* Model */ = {
			isa = PBXGroup;
			children = (
				04CC214B2A22330E0087C61E /* contactsListBase.swift */,
				04CC214D2A22A7080087C61E /* Person.swift */,
			);
			path = Model;
			sourceTree = "<group>";
		};
		04CC21422A2169D80087C61E /* ViewControllers */ = {
			isa = PBXGroup;
			children = (
				04CC21432A21701D0087C61E /* ContactListViewController.swift */,
				04CC21452A2170A30087C61E /* ExtendContactListViewController.swift */,
				04CC21492A2173C60087C61E /* ContactsInfoViewController.swift */,
			);
			path = ViewControllers;
			sourceTree = "<group>";
		};
/* End PBXGroup section */

/* Begin PBXNativeTarget section */
		04CC21272A215D4C0087C61E /* ContactListApp */ = {
			isa = PBXNativeTarget;
			buildConfigurationList = 04CC213C2A215D500087C61E /* Build configuration list for PBXNativeTarget "ContactListApp" */;
			buildPhases = (
				04CC21242A215D4C0087C61E /* Sources */,
				04CC21252A215D4C0087C61E /* Frameworks */,
				04CC21262A215D4C0087C61E /* Resources */,
			);
			buildRules = (
			);
			dependencies = (
			);
			name = ContactListApp;
			productName = ContactListApp;
			productReference = 04CC21282A215D4C0087C61E /* ContactListApp.app */;
			productType = "com.apple.product-type.application";
		};
/* End PBXNativeTarget section */

/* Begin PBXProject section */
		04CC21202A215D4C0087C61E /* Project object */ = {
			isa = PBXProject;
			attributes = {
				BuildIndependentTargetsInParallel = 1;
				LastSwiftUpdateCheck = 1430;
				LastUpgradeCheck = 1430;
				TargetAttributes = {
					04CC21272A215D4C0087C61E = {
						CreatedOnToolsVersion = 14.3;
					};
				};
			};
			buildConfigurationList = 04CC21232A215D4C0087C61E /* Build configuration list for PBXProject "ContactListApp" */;
			compatibilityVersion = "Xcode 14.0";
			developmentRegion = en;
			hasScannedForEncodings = 0;
			knownRegions = (
				en,
				Base,
			);
			mainGroup = 04CC211F2A215D4C0087C61E;
			productRefGroup = 04CC21292A215D4C0087C61E /* Products */;
			projectDirPath = "";
			projectRoot = "";
			targets = (
				04CC21272A215D4C0087C61E /* ContactListApp */,
			);
		};
/* End PBXProject section */

/* Begin PBXResourcesBuildPhase section */
		04CC21262A215D4C0087C61E /* Resources */ = {
			isa = PBXResourcesBuildPhase;
			buildActionMask = 2147483647;
			files = (
				04CC21382A215D500087C61E /* LaunchScreen.storyboard in Resources */,
				04CC21352A215D500087C61E /* Assets.xcassets in Resources */,
				04CC21332A215D4C0087C61E /* Main.storyboard in Resources */,
			);
			runOnlyForDeploymentPostprocessing = 0;
		};
/* End PBXResourcesBuildPhase section */

/* Begin PBXSourcesBuildPhase section */
		04CC21242A215D4C0087C61E /* Sources */ = {
			isa = PBXSourcesBuildPhase;
			buildActionMask = 2147483647;
			files = (
				04CC212C2A215D4C0087C61E /* AppDelegate.swift in Sources */,
				04CC214C2A22330E0087C61E /* contactsListBase.swift in Sources */,
				04CC214A2A2173C60087C61E /* ContactsInfoViewController.swift in Sources */,
				04CC212E2A215D4C0087C61E /* SceneDelegate.swift in Sources */,
				04CC214E2A22A7080087C61E /* Person.swift in Sources */,
				04CC21442A21701E0087C61E /* ContactListViewController.swift in Sources */,
				04CC21462A2170A30087C61E /* ExtendContactListViewController.swift in Sources */,
			);
			runOnlyForDeploymentPostprocessing = 0;
		};
/* End PBXSourcesBuildPhase section */

/* Begin PBXVariantGroup section */
		04CC21312A215D4C0087C61E /* Main.storyboard */ = {
			isa = PBXVariantGroup;
			children = (
				04CC21322A215D4C0087C61E /* Base */,
			);
			name = Main.storyboard;
			sourceTree = "<group>";
		};
		04CC21362A215D500087C61E /* LaunchScreen.storyboard */ = {
			isa = PBXVariantGroup;
			children = (
				04CC21372A215D500087C61E /* Base */,
			);
			name = LaunchScreen.storyboard;
			sourceTree = "<group>";
		};
/* End PBXVariantGroup section */

/* Begin XCBuildConfiguration section */
		04CC213A2A215D500087C61E /* Debug */ = {
			isa = XCBuildConfiguration;
			buildSettings = {
				ALWAYS_SEARCH_USER_PATHS = NO;
				CLANG_ANALYZER_NONNULL = YES;
				CLANG_ANALYZER_NUMBER_OBJECT_CONVERSION = YES_AGGRESSIVE;
				CLANG_CXX_LANGUAGE_STANDARD = "gnu++20";
				CLANG_ENABLE_MODULES = YES;
				CLANG_ENABLE_OBJC_ARC = YES;
				CLANG_ENABLE_OBJC_WEAK = YES;
				CLANG_WARN_BLOCK_CAPTURE_AUTORELEASING = YES;
				CLANG_WARN_BOOL_CONVERSION = YES;
				CLANG_WARN_COMMA = YES;
				CLANG_WARN_CONSTANT_CONVERSION = YES;
				CLANG_WARN_DEPRECATED_OBJC_IMPLEMENTATIONS = YES;
				CLANG_WARN_DIRECT_OBJC_ISA_USAGE = YES_ERROR;
				CLANG_WARN_DOCUMENTATION_COMMENTS = YES;
				CLANG_WARN_EMPTY_BODY = YES;
				CLANG_WARN_ENUM_CONVERSION = YES;
				CLANG_WARN_INFINITE_RECURSION = YES;
				CLANG_WARN_INT_CONVERSION = YES;
				CLANG_WARN_NON_LITERAL_NULL_CONVERSION = YES;
				CLANG_WARN_OBJC_IMPLICIT_RETAIN_SELF = YES;
				CLANG_WARN_OBJC_LITERAL_CONVERSION = YES;
				CLANG_WARN_OBJC_ROOT_CLASS = YES_ERROR;
				CLANG_WARN_QUOTED_INCLUDE_IN_FRAMEWORK_HEADER = YES;
				CLANG_WARN_RANGE_LOOP_ANALYSIS = YES;
				CLANG_WARN_STRICT_PROTOTYPES = YES;
				CLANG_WARN_SUSPICIOUS_MOVE = YES;
				CLANG_WARN_UNGUARDED_AVAILABILITY = YES_AGGRESSIVE;
				CLANG_WARN_UNREACHABLE_CODE = YES;
				CLANG_WARN__DUPLICATE_METHOD_MATCH = YES;
				COPY_PHASE_STRIP = NO;
				DEBUG_INFORMATION_FORMAT = dwarf;
				ENABLE_STRICT_OBJC_MSGSEND = YES;
				ENABLE_TESTABILITY = YES;
				GCC_C_LANGUAGE_STANDARD = gnu11;
				GCC_DYNAMIC_NO_PIC = NO;
				GCC_NO_COMMON_BLOCKS = YES;
				GCC_OPTIMIZATION_LEVEL = 0;
				GCC_PREPROCESSOR_DEFINITIONS = (
					"DEBUG=1",
					"$(inherited)",
				);
				GCC_WARN_64_TO_32_BIT_CONVERSION = YES;
				GCC_WARN_ABOUT_RETURN_TYPE = YES_ERROR;
				GCC_WARN_UNDECLARED_SELECTOR = YES;
				GCC_WARN_UNINITIALIZED_AUTOS = YES_AGGRESSIVE;
				GCC_WARN_UNUSED_FUNCTION = YES;
				GCC_WARN_UNUSED_VARIABLE = YES;
				IPHONEOS_DEPLOYMENT_TARGET = 16.4;
				MTL_ENABLE_DEBUG_INFO = INCLUDE_SOURCE;
				MTL_FAST_MATH = YES;
				ONLY_ACTIVE_ARCH = YES;
				SDKROOT = iphoneos;
				SWIFT_ACTIVE_COMPILATION_CONDITIONS = DEBUG;
				SWIFT_OPTIMIZATION_LEVEL = "-Onone";
			};
			name = Debug;
		};
		04CC213B2A215D500087C61E /* Release */ = {
			isa = XCBuildConfiguration;
			buildSettings = {
				ALWAYS_SEARCH_USER_PATHS = NO;
				CLANG_ANALYZER_NONNULL = YES;
				CLANG_ANALYZER_NUMBER_OBJECT_CONVERSION = YES_AGGRESSIVE;
				CLANG_CXX_LANGUAGE_STANDARD = "gnu++20";
				CLANG_ENABLE_MODULES = YES;
				CLANG_ENABLE_OBJC_ARC = YES;
				CLANG_ENABLE_OBJC_WEAK = YES;
				CLANG_WARN_BLOCK_CAPTURE_AUTORELEASING = YES;
				CLANG_WARN_BOOL_CONVERSION = YES;
				CLANG_WARN_COMMA = YES;
				CLANG_WARN_CONSTANT_CONVERSION = YES;
				CLANG_WARN_DEPRECATED_OBJC_IMPLEMENTATIONS = YES;
				CLANG_WARN_DIRECT_OBJC_ISA_USAGE = YES_ERROR;
				CLANG_WARN_DOCUMENTATION_COMMENTS = YES;
				CLANG_WARN_EMPTY_BODY = YES;
				CLANG_WARN_ENUM_CONVERSION = YES;
				CLANG_WARN_INFINITE_RECURSION = YES;
				CLANG_WARN_INT_CONVERSION = YES;
				CLANG_WARN_NON_LITERAL_NULL_CONVERSION = YES;
				CLANG_WARN_OBJC_IMPLICIT_RETAIN_SELF = YES;
				CLANG_WARN_OBJC_LITERAL_CONVERSION = YES;
				CLANG_WARN_OBJC_ROOT_CLASS = YES_ERROR;
				CLANG_WARN_QUOTED_INCLUDE_IN_FRAMEWORK_HEADER = YES;
				CLANG_WARN_RANGE_LOOP_ANALYSIS = YES;
				CLANG_WARN_STRICT_PROTOTYPES = YES;
				CLANG_WARN_SUSPICIOUS_MOVE = YES;
				CLANG_WARN_UNGUARDED_AVAILABILITY = YES_AGGRESSIVE;
				CLANG_WARN_UNREACHABLE_CODE = YES;
				CLANG_WARN__DUPLICATE_METHOD_MATCH = YES;
				COPY_PHASE_STRIP = NO;
				DEBUG_INFORMATION_FORMAT = "dwarf-with-dsym";
				ENABLE_NS_ASSERTIONS = NO;
				ENABLE_STRICT_OBJC_MSGSEND = YES;
				GCC_C_LANGUAGE_STANDARD = gnu11;
				GCC_NO_COMMON_BLOCKS = YES;
				GCC_WARN_64_TO_32_BIT_CONVERSION = YES;
				GCC_WARN_ABOUT_RETURN_TYPE = YES_ERROR;
				GCC_WARN_UNDECLARED_SELECTOR = YES;
				GCC_WARN_UNINITIALIZED_AUTOS = YES_AGGRESSIVE;
				GCC_WARN_UNUSED_FUNCTION = YES;
				GCC_WARN_UNUSED_VARIABLE = YES;
				IPHONEOS_DEPLOYMENT_TARGET = 16.4;
				MTL_ENABLE_DEBUG_INFO = NO;
				MTL_FAST_MATH = YES;
				SDKROOT = iphoneos;
				SWIFT_COMPILATION_MODE = wholemodule;
				SWIFT_OPTIMIZATION_LEVEL = "-O";
				VALIDATE_PRODUCT = YES;
			};
			name = Release;
		};
		04CC213D2A215D500087C61E /* Debug */ = {
			isa = XCBuildConfiguration;
			buildSettings = {
				ASSETCATALOG_COMPILER_APPICON_NAME = AppIcon;
				ASSETCATALOG_COMPILER_GLOBAL_ACCENT_COLOR_NAME = AccentColor;
				CODE_SIGN_STYLE = Automatic;
				CURRENT_PROJECT_VERSION = 1;
				DEVELOPMENT_TEAM = C62KP44N4M;
				GENERATE_INFOPLIST_FILE = YES;
				INFOPLIST_FILE = ContactListApp/App/Info.plist;
				INFOPLIST_KEY_UIApplicationSupportsIndirectInputEvents = YES;
				INFOPLIST_KEY_UILaunchStoryboardName = LaunchScreen;
				INFOPLIST_KEY_UIMainStoryboardFile = Main;
				INFOPLIST_KEY_UISupportedInterfaceOrientations_iPad = "UIInterfaceOrientationPortrait UIInterfaceOrientationPortraitUpsideDown UIInterfaceOrientationLandscapeLeft UIInterfaceOrientationLandscapeRight";
				INFOPLIST_KEY_UISupportedInterfaceOrientations_iPhone = "UIInterfaceOrientationPortrait UIInterfaceOrientationLandscapeLeft UIInterfaceOrientationLandscapeRight";
				LD_RUNPATH_SEARCH_PATHS = (
					"$(inherited)",
					"@executable_path/Frameworks",
				);
				MARKETING_VERSION = 1.0;
				PRODUCT_BUNDLE_IDENTIFIER = FedorWell.ContactListApp;
				PRODUCT_NAME = "$(TARGET_NAME)";
				SUPPORTED_PLATFORMS = "iphoneos iphonesimulator";
				SUPPORTS_MACCATALYST = NO;
				SUPPORTS_MAC_DESIGNED_FOR_IPHONE_IPAD = NO;
				SWIFT_EMIT_LOC_STRINGS = YES;
				SWIFT_VERSION = 5.0;
				TARGETED_DEVICE_FAMILY = 1;
			};
			name = Debug;
		};
		04CC213E2A215D500087C61E /* Release */ = {
			isa = XCBuildConfiguration;
			buildSettings = {
				ASSETCATALOG_COMPILER_APPICON_NAME = AppIcon;
				ASSETCATALOG_COMPILER_GLOBAL_ACCENT_COLOR_NAME = AccentColor;
				CODE_SIGN_STYLE = Automatic;
				CURRENT_PROJECT_VERSION = 1;
				DEVELOPMENT_TEAM = C62KP44N4M;
				GENERATE_INFOPLIST_FILE = YES;
				INFOPLIST_FILE = ContactListApp/App/Info.plist;
				INFOPLIST_KEY_UIApplicationSupportsIndirectInputEvents = YES;
				INFOPLIST_KEY_UILaunchStoryboardName = LaunchScreen;
				INFOPLIST_KEY_UIMainStoryboardFile = Main;
				INFOPLIST_KEY_UISupportedInterfaceOrientations_iPad = "UIInterfaceOrientationPortrait UIInterfaceOrientationPortraitUpsideDown UIInterfaceOrientationLandscapeLeft UIInterfaceOrientationLandscapeRight";
				INFOPLIST_KEY_UISupportedInterfaceOrientations_iPhone = "UIInterfaceOrientationPortrait UIInterfaceOrientationLandscapeLeft UIInterfaceOrientationLandscapeRight";
				LD_RUNPATH_SEARCH_PATHS = (
					"$(inherited)",
					"@executable_path/Frameworks",
				);
				MARKETING_VERSION = 1.0;
				PRODUCT_BUNDLE_IDENTIFIER = FedorWell.ContactListApp;
				PRODUCT_NAME = "$(TARGET_NAME)";
				SUPPORTED_PLATFORMS = "iphoneos iphonesimulator";
				SUPPORTS_MACCATALYST = NO;
				SUPPORTS_MAC_DESIGNED_FOR_IPHONE_IPAD = NO;
				SWIFT_EMIT_LOC_STRINGS = YES;
				SWIFT_VERSION = 5.0;
				TARGETED_DEVICE_FAMILY = 1;
			};
			name = Release;
		};
/* End XCBuildConfiguration section */

/* Begin XCConfigurationList section */
		04CC21232A215D4C0087C61E /* Build configuration list for PBXProject "ContactListApp" */ = {
			isa = XCConfigurationList;
			buildConfigurations = (
				04CC213A2A215D500087C61E /* Debug */,
				04CC213B2A215D500087C61E /* Release */,
			);
			defaultConfigurationIsVisible = 0;
			defaultConfigurationName = Release;
		};
		04CC213C2A215D500087C61E /* Build configuration list for PBXNativeTarget "ContactListApp" */ = {
			isa = XCConfigurationList;
			buildConfigurations = (
				04CC213D2A215D500087C61E /* Debug */,
				04CC213E2A215D500087C61E /* Release */,
			);
			defaultConfigurationIsVisible = 0;
			defaultConfigurationName = Release;
		};
/* End XCConfigurationList section */
	};
	rootObject = 04CC21202A215D4C0087C61E /* Project object */;
}
